<Solution>
  <Folder Name="/apps/">
    <Project Path="apps/tracker-api-tests/tracker-api-tests.csproj" />
    <Project Path="apps/tracker-api/tracker-api.csproj" />
  </Folder>
  <Folder Name="/packages/">
    <Project Path="packages/shared-dtos/shared-dtos.csproj" />
    <Project Path="packages/server-domain/server-domain.csproj" />
  </Folder>
</Solution>
